github.com/HugoBlox/kit/modules/blox v0.0.0-20260105203838-3526fb1ca1e5 h1:eVGYXDrk6fqMw988LWKbdcsMBQ9PMvbfYJ/Kxgjnd2o=
github.com/HugoBlox/kit/modules/blox v0.0.0-20260105203838-3526fb1ca1e5/go.mod h1:0F2Ss2NeylmaBP7+qx0U6zFPeMZ9NoLbAQakKXDqygo=
github.com/HugoBlox/kit/modules/integrations/netlify v0.0.0-20260102210655-66cba27dc652 h1:KdTgOy8hzPOUJcMyR6Tp2k3tyaJzoxz2e1zaddcG0uk=
github.com/HugoBlox/kit/modules/integrations/netlify v0.0.0-20260102210655-66cba27dc652/go.mod h1:UuppRGml2K1EmlDkN+HemycohgZLjOy0QPGYOnoPnY4=
github.com/HugoBlox/kit/modules/slides v0.0.0-20260102220738-ad2af1f3521d h1:Mpn11B/QQaFgDyW0zCawK/xDHUL5ywsZVu30oQ1B0GA=
github.com/HugoBlox/kit/modules/slides v0.0.0-20260102220738-ad2af1f3521d/go.mod h1:/XTQAtd2KCiwg/GVMAoSzKPf/DYPVbAAEysmBdWgYu4=
